// !$*UTF8*$!
{
	archiveVersion = 1;
	classes = {
	};
	objectVersion = 56;
	objects = {

/* Begin PBXBuildFile section */
		BE07977C2C0844C700687AF8 /* XKCDComicsApp.swift in Sources */ = {isa = PBXBuildFile; fileRef = BE07977B2C0844C700687AF8 /* XKCDComicsApp.swift */; };
		BE07977E2C0844C700687AF8 /* ContentView.swift in Sources */ = {isa = PBXBuildFile; fileRef = BE07977D2C0844C700687AF8 /* ContentView.swift */; };
		BE0797822C0844C800687AF8 /* Assets.xcassets in Resources */ = {isa = PBXBuildFile; fileRef = BE0797812C0844C800687AF8 /* Assets.xcassets */; };
		BE0797852C0844C800687AF8 /* Preview Assets.xcassets in Resources */ = {isa = PBXBuildFile; fileRef = BE0797842C0844C800687AF8 /* Preview Assets.xcassets */; };
		BE0797902C08467700687AF8 /* MainView.swift in Sources */ = {isa = PBXBuildFile; fileRef = BE07978F2C08467700687AF8 /* MainView.swift */; };
		BE0797922C0846D000687AF8 /* SavedView.swift in Sources */ = {isa = PBXBuildFile; fileRef = BE0797912C0846D000687AF8 /* SavedView.swift */; };
		BE0797962C08485F00687AF8 /* APIService.swift in Sources */ = {isa = PBXBuildFile; fileRef = BE0797952C08485F00687AF8 /* APIService.swift */; };
		BE0797992C084B3700687AF8 /* Comic.swift in Sources */ = {isa = PBXBuildFile; fileRef = BE0797982C084B3700687AF8 /* Comic.swift */; };
		BE0797B82C08522100687AF8 /* ComicViewModel.swift in Sources */ = {isa = PBXBuildFile; fileRef = BE0797B72C08522100687AF8 /* ComicViewModel.swift */; };
		BE0797C82C0B4E9900687AF8 /* ComicExplanationResponse.swift in Sources */ = {isa = PBXBuildFile; fileRef = BE0797C72C0B4E9900687AF8 /* ComicExplanationResponse.swift */; };
		BE0797CA2C0B4EB000687AF8 /* TypesenseResponse.swift in Sources */ = {isa = PBXBuildFile; fileRef = BE0797C92C0B4EB000687AF8 /* TypesenseResponse.swift */; };
/* End PBXBuildFile section */

/* Begin PBXFileReference section */
		BE0797782C0844C700687AF8 /* xkcd comics.app */ = {isa = PBXFileReference; explicitFileType = wrapper.application; includeInIndex = 0; path = "xkcd comics.app"; sourceTree = BUILT_PRODUCTS_DIR; };
		BE07977B2C0844C700687AF8 /* XKCDComicsApp.swift */ = {isa = PBXFileReference; lastKnownFileType = sourcecode.swift; path = XKCDComicsApp.swift; sourceTree = "<group>"; };
		BE07977D2C0844C700687AF8 /* ContentView.swift */ = {isa = PBXFileReference; lastKnownFileType = sourcecode.swift; path = ContentView.swift; sourceTree = "<group>"; };
		BE0797812C0844C800687AF8 /* Assets.xcassets */ = {isa = PBXFileReference; lastKnownFileType = folder.assetcatalog; path = Assets.xcassets; sourceTree = "<group>"; };
		BE0797842C0844C800687AF8 /* Preview Assets.xcassets */ = {isa = PBXFileReference; lastKnownFileType = folder.assetcatalog; path = "Preview Assets.xcassets"; sourceTree = "<group>"; };
		BE07978F2C08467700687AF8 /* MainView.swift */ = {isa = PBXFileReference; lastKnownFileType = sourcecode.swift; path = MainView.swift; sourceTree = "<group>"; };
		BE0797912C0846D000687AF8 /* SavedView.swift */ = {isa = PBXFileReference; lastKnownFileType = sourcecode.swift; path = SavedView.swift; sourceTree = "<group>"; };
		BE0797952C08485F00687AF8 /* APIService.swift */ = {isa = PBXFileReference; lastKnownFileType = sourcecode.swift; path = APIService.swift; sourceTree = "<group>"; };
		BE0797972C0848F000687AF8 /* README.md */ = {isa = PBXFileReference; lastKnownFileType = net.daringfireball.markdown; path = README.md; sourceTree = "<group>"; };
		BE0797982C084B3700687AF8 /* Comic.swift */ = {isa = PBXFileReference; lastKnownFileType = sourcecode.swift; path = Comic.swift; sourceTree = "<group>"; };
		BE0797B72C08522100687AF8 /* ComicViewModel.swift */ = {isa = PBXFileReference; lastKnownFileType = sourcecode.swift; path = ComicViewModel.swift; sourceTree = "<group>"; };
		BE0797C72C0B4E9900687AF8 /* ComicExplanationResponse.swift */ = {isa = PBXFileReference; lastKnownFileType = sourcecode.swift; path = ComicExplanationResponse.swift; sourceTree = "<group>"; };
		BE0797C92C0B4EB000687AF8 /* TypesenseResponse.swift */ = {isa = PBXFileReference; lastKnownFileType = sourcecode.swift; path = TypesenseResponse.swift; sourceTree = "<group>"; };
/* End PBXFileReference section */

/* Begin PBXFrameworksBuildPhase section */
		BE0797752C0844C700687AF8 /* Frameworks */ = {
			isa = PBXFrameworksBuildPhase;
			buildActionMask = 2147483647;
			files = (
			);
			runOnlyForDeploymentPostprocessing = 0;
		};
/* End PBXFrameworksBuildPhase section */

/* Begin PBXGroup section */
		BE07976F2C0844C700687AF8 = {
			isa = PBXGroup;
			children = (
				BE0797972C0848F000687AF8 /* README.md */,
				BE07977A2C0844C700687AF8 /* xkcd comics */,
				BE0797792C0844C700687AF8 /* Products */,
			);
			sourceTree = "<group>";
		};
		BE0797792C0844C700687AF8 /* Products */ = {
			isa = PBXGroup;
			children = (
				BE0797782C0844C700687AF8 /* xkcd comics.app */,
			);
			name = Products;
			sourceTree = "<group>";
		};
		BE07977A2C0844C700687AF8 /* xkcd comics */ = {
			isa = PBXGroup;
			children = (
				BE07977B2C0844C700687AF8 /* XKCDComicsApp.swift */,
				BE07978B2C08463C00687AF8 /* Views */,
				BE0797B62C0851BA00687AF8 /* ViewModels */,
				BE07978D2C08464C00687AF8 /* Services */,
				BE07978C2C08464400687AF8 /* Models */,
				BE0797812C0844C800687AF8 /* Assets.xcassets */,
				BE0797832C0844C800687AF8 /* Preview Content */,
			);
			path = "xkcd comics";
			sourceTree = "<group>";
		};
		BE0797832C0844C800687AF8 /* Preview Content */ = {
			isa = PBXGroup;
			children = (
				BE0797842C0844C800687AF8 /* Preview Assets.xcassets */,
			);
			path = "Preview Content";
			sourceTree = "<group>";
		};
		BE07978B2C08463C00687AF8 /* Views */ = {
			isa = PBXGroup;
			children = (
				BE07977D2C0844C700687AF8 /* ContentView.swift */,
				BE07978F2C08467700687AF8 /* MainView.swift */,
				BE0797912C0846D000687AF8 /* SavedView.swift */,
			);
			path = Views;
			sourceTree = "<group>";
		};
		BE07978C2C08464400687AF8 /* Models */ = {
			isa = PBXGroup;
			children = (
				BE0797982C084B3700687AF8 /* Comic.swift */,
				BE0797C72C0B4E9900687AF8 /* ComicExplanationResponse.swift */,
				BE0797C92C0B4EB000687AF8 /* TypesenseResponse.swift */,
			);
			path = Models;
			sourceTree = "<group>";
		};
		BE07978D2C08464C00687AF8 /* Services */ = {
			isa = PBXGroup;
			children = (
				BE0797952C08485F00687AF8 /* APIService.swift */,
			);
			path = Services;
			sourceTree = "<group>";
		};
		BE0797B62C0851BA00687AF8 /* ViewModels */ = {
			isa = PBXGroup;
			children = (
				BE0797B72C08522100687AF8 /* ComicViewModel.swift */,
			);
			path = ViewModels;
			sourceTree = "<group>";
		};
/* End PBXGroup section */

/* Begin PBXNativeTarget section */
		BE0797772C0844C700687AF8 /* xkcd comics */ = {
			isa = PBXNativeTarget;
			buildConfigurationList = BE0797882C0844C800687AF8 /* Build configuration list for PBXNativeTarget "xkcd comics" */;
			buildPhases = (
				BE0797742C0844C700687AF8 /* Sources */,
				BE0797752C0844C700687AF8 /* Frameworks */,
				BE0797762C0844C700687AF8 /* Resources */,
			);
			buildRules = (
			);
			dependencies = (
			);
			name = "xkcd comics";
			packageProductDependencies = (
			);
			productName = "xkcd comics";
			productReference = BE0797782C0844C700687AF8 /* xkcd comics.app */;
			productType = "com.apple.product-type.application";
		};
/* End PBXNativeTarget section */

/* Begin PBXProject section */
		BE0797702C0844C700687AF8 /* Project object */ = {
			isa = PBXProject;
			attributes = {
				BuildIndependentTargetsInParallel = 1;
				LastSwiftUpdateCheck = 1540;
				LastUpgradeCheck = 1540;
				TargetAttributes = {
					BE0797772C0844C700687AF8 = {
						CreatedOnToolsVersion = 15.4;
					};
				};
			};
			buildConfigurationList = BE0797732C0844C700687AF8 /* Build configuration list for PBXProject "xkcd comics" */;
			compatibilityVersion = "Xcode 14.0";
			developmentRegion = en;
			hasScannedForEncodings = 0;
			knownRegions = (
				en,
				Base,
			);
			mainGroup = BE07976F2C0844C700687AF8;
			packageReferences = (
			);
			productRefGroup = BE0797792C0844C700687AF8 /* Products */;
			projectDirPath = "";
			projectRoot = "";
			targets = (
				BE0797772C0844C700687AF8 /* xkcd comics */,
			);
		};
/* End PBXProject section */

/* Begin PBXResourcesBuildPhase section */
		BE0797762C0844C700687AF8 /* Resources */ = {
			isa = PBXResourcesBuildPhase;
			buildActionMask = 2147483647;
			files = (
				BE0797852C0844C800687AF8 /* Preview Assets.xcassets in Resources */,
				BE0797822C0844C800687AF8 /* Assets.xcassets in Resources */,
			);
			runOnlyForDeploymentPostprocessing = 0;
		};
/* End PBXResourcesBuildPhase section */

/* Begin PBXSourcesBuildPhase section */
		BE0797742C0844C700687AF8 /* Sources */ = {
			isa = PBXSourcesBuildPhase;
			buildActionMask = 2147483647;
			files = (
				BE07977E2C0844C700687AF8 /* ContentView.swift in Sources */,
				BE0797962C08485F00687AF8 /* APIService.swift in Sources */,
				BE0797922C0846D000687AF8 /* SavedView.swift in Sources */,
				BE0797C82C0B4E9900687AF8 /* ComicExplanationResponse.swift in Sources */,
				BE0797902C08467700687AF8 /* MainView.swift in Sources */,
				BE07977C2C0844C700687AF8 /* XKCDComicsApp.swift in Sources */,
				BE0797CA2C0B4EB000687AF8 /* TypesenseResponse.swift in Sources */,
				BE0797B82C08522100687AF8 /* ComicViewModel.swift in Sources */,
				BE0797992C084B3700687AF8 /* Comic.swift in Sources */,
			);
			runOnlyForDeploymentPostprocessing = 0;
		};
/* End PBXSourcesBuildPhase section */

/* Begin XCBuildConfiguration section */
		BE0797862C0844C800687AF8 /* Debug */ = {
			isa = XCBuildConfiguration;
			buildSettings = {
				ALWAYS_SEARCH_USER_PATHS = NO;
				ASSETCATALOG_COMPILER_GENERATE_SWIFT_ASSET_SYMBOL_EXTENSIONS = YES;
				CLANG_ANALYZER_NONNULL = YES;
				CLANG_ANALYZER_NUMBER_OBJECT_CONVERSION = YES_AGGRESSIVE;
				CLANG_CXX_LANGUAGE_STANDARD = "gnu++20";
				CLANG_ENABLE_MODULES = YES;
				CLANG_ENABLE_OBJC_ARC = YES;
				CLANG_ENABLE_OBJC_WEAK = YES;
				CLANG_WARN_BLOCK_CAPTURE_AUTORELEASING = YES;
				CLANG_WARN_BOOL_CONVERSION = YES;
				CLANG_WARN_COMMA = YES;
				CLANG_WARN_CONSTANT_CONVERSION = YES;
				CLANG_WARN_DEPRECATED_OBJC_IMPLEMENTATIONS = YES;
				CLANG_WARN_DIRECT_OBJC_ISA_USAGE = YES_ERROR;
				CLANG_WARN_DOCUMENTATION_COMMENTS = YES;
				CLANG_WARN_EMPTY_BODY = YES;
				CLANG_WARN_ENUM_CONVERSION = YES;
				CLANG_WARN_INFINITE_RECURSION = YES;
				CLANG_WARN_INT_CONVERSION = YES;
				CLANG_WARN_NON_LITERAL_NULL_CONVERSION = YES;
				CLANG_WARN_OBJC_IMPLICIT_RETAIN_SELF = YES;
				CLANG_WARN_OBJC_LITERAL_CONVERSION = YES;
				CLANG_WARN_OBJC_ROOT_CLASS = YES_ERROR;
				CLANG_WARN_QUOTED_INCLUDE_IN_FRAMEWORK_HEADER = YES;
				CLANG_WARN_RANGE_LOOP_ANALYSIS = YES;
				CLANG_WARN_STRICT_PROTOTYPES = YES;
				CLANG_WARN_SUSPICIOUS_MOVE = YES;
				CLANG_WARN_UNGUARDED_AVAILABILITY = YES_AGGRESSIVE;
				CLANG_WARN_UNREACHABLE_CODE = YES;
				CLANG_WARN__DUPLICATE_METHOD_MATCH = YES;
				COPY_PHASE_STRIP = NO;
				DEBUG_INFORMATION_FORMAT = dwarf;
				ENABLE_STRICT_OBJC_MSGSEND = YES;
				ENABLE_TESTABILITY = YES;
				ENABLE_USER_SCRIPT_SANDBOXING = YES;
				GCC_C_LANGUAGE_STANDARD = gnu17;
				GCC_DYNAMIC_NO_PIC = NO;
				GCC_NO_COMMON_BLOCKS = YES;
				GCC_OPTIMIZATION_LEVEL = 0;
				GCC_PREPROCESSOR_DEFINITIONS = (
					"DEBUG=1",
					"$(inherited)",
				);
				GCC_WARN_64_TO_32_BIT_CONVERSION = YES;
				GCC_WARN_ABOUT_RETURN_TYPE = YES_ERROR;
				GCC_WARN_UNDECLARED_SELECTOR = YES;
				GCC_WARN_UNINITIALIZED_AUTOS = YES_AGGRESSIVE;
				GCC_WARN_UNUSED_FUNCTION = YES;
				GCC_WARN_UNUSED_VARIABLE = YES;
				IPHONEOS_DEPLOYMENT_TARGET = 17.5;
				LOCALIZATION_PREFERS_STRING_CATALOGS = YES;
				MTL_ENABLE_DEBUG_INFO = INCLUDE_SOURCE;
				MTL_FAST_MATH = YES;
				ONLY_ACTIVE_ARCH = YES;
				SDKROOT = iphoneos;
				SWIFT_ACTIVE_COMPILATION_CONDITIONS = "DEBUG $(inherited)";
				SWIFT_OPTIMIZATION_LEVEL = "-Onone";
			};
			name = Debug;
		};
		BE0797872C0844C800687AF8 /* Release */ = {
			isa = XCBuildConfiguration;
			buildSettings = {
				ALWAYS_SEARCH_USER_PATHS = NO;
				ASSETCATALOG_COMPILER_GENERATE_SWIFT_ASSET_SYMBOL_EXTENSIONS = YES;
				CLANG_ANALYZER_NONNULL = YES;
				CLANG_ANALYZER_NUMBER_OBJECT_CONVERSION = YES_AGGRESSIVE;
				CLANG_CXX_LANGUAGE_STANDARD = "gnu++20";
				CLANG_ENABLE_MODULES = YES;
				CLANG_ENABLE_OBJC_ARC = YES;
				CLANG_ENABLE_OBJC_WEAK = YES;
				CLANG_WARN_BLOCK_CAPTURE_AUTORELEASING = YES;
				CLANG_WARN_BOOL_CONVERSION = YES;
				CLANG_WARN_COMMA = YES;
				CLANG_WARN_CONSTANT_CONVERSION = YES;
				CLANG_WARN_DEPRECATED_OBJC_IMPLEMENTATIONS = YES;
				CLANG_WARN_DIRECT_OBJC_ISA_USAGE = YES_ERROR;
				CLANG_WARN_DOCUMENTATION_COMMENTS = YES;
				CLANG_WARN_EMPTY_BODY = YES;
				CLANG_WARN_ENUM_CONVERSION = YES;
				CLANG_WARN_INFINITE_RECURSION = YES;
				CLANG_WARN_INT_CONVERSION = YES;
				CLANG_WARN_NON_LITERAL_NULL_CONVERSION = YES;
				CLANG_WARN_OBJC_IMPLICIT_RETAIN_SELF = YES;
				CLANG_WARN_OBJC_LITERAL_CONVERSION = YES;
				CLANG_WARN_OBJC_ROOT_CLASS = YES_ERROR;
				CLANG_WARN_QUOTED_INCLUDE_IN_FRAMEWORK_HEADER = YES;
				CLANG_WARN_RANGE_LOOP_ANALYSIS = YES;
				CLANG_WARN_STRICT_PROTOTYPES = YES;
				CLANG_WARN_SUSPICIOUS_MOVE = YES;
				CLANG_WARN_UNGUARDED_AVAILABILITY = YES_AGGRESSIVE;
				CLANG_WARN_UNREACHABLE_CODE = YES;
				CLANG_WARN__DUPLICATE_METHOD_MATCH = YES;
				COPY_PHASE_STRIP = NO;
				DEBUG_INFORMATION_FORMAT = "dwarf-with-dsym";
				ENABLE_NS_ASSERTIONS = NO;
				ENABLE_STRICT_OBJC_MSGSEND = YES;
				ENABLE_USER_SCRIPT_SANDBOXING = YES;
				GCC_C_LANGUAGE_STANDARD = gnu17;
				GCC_NO_COMMON_BLOCKS = YES;
				GCC_WARN_64_TO_32_BIT_CONVERSION = YES;
				GCC_WARN_ABOUT_RETURN_TYPE = YES_ERROR;
				GCC_WARN_UNDECLARED_SELECTOR = YES;
				GCC_WARN_UNINITIALIZED_AUTOS = YES_AGGRESSIVE;
				GCC_WARN_UNUSED_FUNCTION = YES;
				GCC_WARN_UNUSED_VARIABLE = YES;
				IPHONEOS_DEPLOYMENT_TARGET = 17.5;
				LOCALIZATION_PREFERS_STRING_CATALOGS = YES;
				MTL_ENABLE_DEBUG_INFO = NO;
				MTL_FAST_MATH = YES;
				SDKROOT = iphoneos;
				SWIFT_COMPILATION_MODE = wholemodule;
				VALIDATE_PRODUCT = YES;
			};
			name = Release;
		};
		BE0797892C0844C800687AF8 /* Debug */ = {
			isa = XCBuildConfiguration;
			buildSettings = {
				ASSETCATALOG_COMPILER_APPICON_NAME = AppIcon;
				ASSETCATALOG_COMPILER_GLOBAL_ACCENT_COLOR_NAME = AccentColor;
				CODE_SIGN_STYLE = Automatic;
				CURRENT_PROJECT_VERSION = 1;
				DEVELOPMENT_ASSET_PATHS = "\"xkcd comics/Preview Content\"";
				DEVELOPMENT_TEAM = ZV4Z5FR2QY;
				ENABLE_PREVIEWS = YES;
				GENERATE_INFOPLIST_FILE = YES;
				INFOPLIST_KEY_UIApplicationSceneManifest_Generation = YES;
				INFOPLIST_KEY_UIApplicationSupportsIndirectInputEvents = YES;
				INFOPLIST_KEY_UILaunchScreen_Generation = YES;
				INFOPLIST_KEY_UISupportedInterfaceOrientations_iPad = "UIInterfaceOrientationPortrait UIInterfaceOrientationPortraitUpsideDown UIInterfaceOrientationLandscapeLeft UIInterfaceOrientationLandscapeRight";
				INFOPLIST_KEY_UISupportedInterfaceOrientations_iPhone = "UIInterfaceOrientationPortrait UIInterfaceOrientationLandscapeLeft UIInterfaceOrientationLandscapeRight";
				LD_RUNPATH_SEARCH_PATHS = (
					"$(inherited)",
					"@executable_path/Frameworks",
				);
				MARKETING_VERSION = 1.0;
				PRODUCT_BUNDLE_IDENTIFIER = "private.xkcd-comics";
				PRODUCT_NAME = "$(TARGET_NAME)";
				SWIFT_EMIT_LOC_STRINGS = YES;
				SWIFT_VERSION = 5.0;
				TARGETED_DEVICE_FAMILY = "1,2";
			};
			name = Debug;
		};
		BE07978A2C0844C800687AF8 /* Release */ = {
			isa = XCBuildConfiguration;
			buildSettings = {
				ASSETCATALOG_COMPILER_APPICON_NAME = AppIcon;
				ASSETCATALOG_COMPILER_GLOBAL_ACCENT_COLOR_NAME = AccentColor;
				CODE_SIGN_STYLE = Automatic;
				CURRENT_PROJECT_VERSION = 1;
				DEVELOPMENT_ASSET_PATHS = "\"xkcd comics/Preview Content\"";
				DEVELOPMENT_TEAM = ZV4Z5FR2QY;
				ENABLE_PREVIEWS = YES;
				GENERATE_INFOPLIST_FILE = YES;
				INFOPLIST_KEY_UIApplicationSceneManifest_Generation = YES;
				INFOPLIST_KEY_UIApplicationSupportsIndirectInputEvents = YES;
				INFOPLIST_KEY_UILaunchScreen_Generation = YES;
				INFOPLIST_KEY_UISupportedInterfaceOrientations_iPad = "UIInterfaceOrientationPortrait UIInterfaceOrientationPortraitUpsideDown UIInterfaceOrientationLandscapeLeft UIInterfaceOrientationLandscapeRight";
				INFOPLIST_KEY_UISupportedInterfaceOrientations_iPhone = "UIInterfaceOrientationPortrait UIInterfaceOrientationLandscapeLeft UIInterfaceOrientationLandscapeRight";
				LD_RUNPATH_SEARCH_PATHS = (
					"$(inherited)",
					"@executable_path/Frameworks",
				);
				MARKETING_VERSION = 1.0;
				PRODUCT_BUNDLE_IDENTIFIER = "private.xkcd-comics";
				PRODUCT_NAME = "$(TARGET_NAME)";
				SWIFT_EMIT_LOC_STRINGS = YES;
				SWIFT_VERSION = 5.0;
				TARGETED_DEVICE_FAMILY = "1,2";
			};
			name = Release;
		};
/* End XCBuildConfiguration section */

/* Begin XCConfigurationList section */
		BE0797732C0844C700687AF8 /* Build configuration list for PBXProject "xkcd comics" */ = {
			isa = XCConfigurationList;
			buildConfigurations = (
				BE0797862C0844C800687AF8 /* Debug */,
				BE0797872C0844C800687AF8 /* Release */,
			);
			defaultConfigurationIsVisible = 0;
			defaultConfigurationName = Release;
		};
		BE0797882C0844C800687AF8 /* Build configuration list for PBXNativeTarget "xkcd comics" */ = {
			isa = XCConfigurationList;
			buildConfigurations = (
				BE0797892C0844C800687AF8 /* Debug */,
				BE07978A2C0844C800687AF8 /* Release */,
			);
			defaultConfigurationIsVisible = 0;
			defaultConfigurationName = Release;
		};
/* End XCConfigurationList section */
	};
	rootObject = BE0797702C0844C700687AF8 /* Project object */;
}
